
Microsoft Visual Studio Solution File, Format Version 12.00
# Visual Studio Version 16
VisualStudioVersion = 16.0.29009.5
MinimumVisualStudioVersion = 10.0.40219.1
Project("{9A19103F-16F7-4668-BE54-9A1E7A4F7556}") = "NuCLIus.Core", "NuCLIus.Core\NuCLIus.Core.csproj", "{E3AB4897-0298-474F-8E4A-CC94CB7A821B}"
EndProject
Project("{9A19103F-16F7-4668-BE54-9A1E7A4F7556}") = "NuCLIus.WinFormsCore", "NuCLIus.WinFormsCore\NuCLIus.WinFormsCore.csproj", "{9B235AB6-FFF4-4F55-A59C-AB5CE471446B}"
EndProject
Project("{FAE04EC0-301F-11D3-BF4B-00C04F79EFBC}") = "NuCLIus.WinForms", "NuCLIus.WinForms\NuCLIus.WinForms.csproj", "{BA116760-B8EC-4EF6-8C77-EA4A428FF575}"
EndProject
Project("{9A19103F-16F7-4668-BE54-9A1E7A4F7556}") = "NuCLIus.Testing", "NuCLIus.Testing\NuCLIus.Testing.csproj", "{A1335E1A-2D0E-4894-AECC-BA15C84A3B3C}"
EndProject
Project("{9A19103F-16F7-4668-BE54-9A1E7A4F7556}") = "NuCLIus.Services", "NuCLIus.Services\NuCLIus.Services.csproj", "{6F69C909-9E22-46DC-93A7-590C58229560}"
EndProject
Project("{9A19103F-16F7-4668-BE54-9A1E7A4F7556}") = "NuCLIus.ShellExt", "NuCLIus.ShellExt\NuCLIus.ShellExt.csproj", "{E29C1AB2-0144-45FC-A662-1B1CF9DD54A6}"
EndProject
Project("{FAE04EC0-301F-11D3-BF4B-00C04F79EFBC}") = "MYaSyncQL.Client.Forms.Controls", "..\MYaSyncQL\src\MYaSyncQL.Client.Forms.Controls\MYaSyncQL.Client.Forms.Controls.csproj", "{CA79B8B6-3ED1-42EC-A37B-F91B003E8833}"
EndProject
Project("{9A19103F-16F7-4668-BE54-9A1E7A4F7556}") = "dotnet-utils", "..\dotnet-utils\dotnet-utils.csproj", "{A170A8FF-45A0-4587-8BC8-596913F8AF58}"
EndProject
Global
	GlobalSection(SolutionConfigurationPlatforms) = preSolution
		Debug|Any CPU = Debug|Any CPU
		Release|Any CPU = Release|Any CPU
	EndGlobalSection
	GlobalSection(ProjectConfigurationPlatforms) = postSolution
		{E3AB4897-0298-474F-8E4A-CC94CB7A821B}.Debug|Any CPU.ActiveCfg = Debug|Any CPU
		{E3AB4897-0298-474F-8E4A-CC94CB7A821B}.Debug|Any CPU.Build.0 = Debug|Any CPU
		{E3AB4897-0298-474F-8E4A-CC94CB7A821B}.Release|Any CPU.ActiveCfg = Release|Any CPU
		{E3AB4897-0298-474F-8E4A-CC94CB7A821B}.Release|Any CPU.Build.0 = Release|Any CPU
		{9B235AB6-FFF4-4F55-A59C-AB5CE471446B}.Debug|Any CPU.ActiveCfg = Debug|Any CPU
		{9B235AB6-FFF4-4F55-A59C-AB5CE471446B}.Debug|Any CPU.Build.0 = Debug|Any CPU
		{9B235AB6-FFF4-4F55-A59C-AB5CE471446B}.Release|Any CPU.ActiveCfg = Release|Any CPU
		{9B235AB6-FFF4-4F55-A59C-AB5CE471446B}.Release|Any CPU.Build.0 = Release|Any CPU
		{BA116760-B8EC-4EF6-8C77-EA4A428FF575}.Debug|Any CPU.ActiveCfg = Debug|Any CPU
		{BA116760-B8EC-4EF6-8C77-EA4A428FF575}.Debug|Any CPU.Build.0 = Debug|Any CPU
		{BA116760-B8EC-4EF6-8C77-EA4A428FF575}.Release|Any CPU.ActiveCfg = Release|Any CPU
		{BA116760-B8EC-4EF6-8C77-EA4A428FF575}.Release|Any CPU.Build.0 = Release|Any CPU
		{A1335E1A-2D0E-4894-AECC-BA15C84A3B3C}.Debug|Any CPU.ActiveCfg = Debug|Any CPU
		{A1335E1A-2D0E-4894-AECC-BA15C84A3B3C}.Debug|Any CPU.Build.0 = Debug|Any CPU
		{A1335E1A-2D0E-4894-AECC-BA15C84A3B3C}.Release|Any CPU.ActiveCfg = Release|Any CPU
		{A1335E1A-2D0E-4894-AECC-BA15C84A3B3C}.Release|Any CPU.Build.0 = Release|Any CPU
		{6F69C909-9E22-46DC-93A7-590C58229560}.Debug|Any CPU.ActiveCfg = Debug|Any CPU
		{6F69C909-9E22-46DC-93A7-590C58229560}.Debug|Any CPU.Build.0 = Debug|Any CPU
		{6F69C909-9E22-46DC-93A7-590C58229560}.Release|Any CPU.ActiveCfg = Release|Any CPU
		{6F69C909-9E22-46DC-93A7-590C58229560}.Release|Any CPU.Build.0 = Release|Any CPU
		{E29C1AB2-0144-45FC-A662-1B1CF9DD54A6}.Debug|Any CPU.ActiveCfg = Debug|Any CPU
		{E29C1AB2-0144-45FC-A662-1B1CF9DD54A6}.Debug|Any CPU.Build.0 = Debug|Any CPU
		{E29C1AB2-0144-45FC-A662-1B1CF9DD54A6}.Release|Any CPU.ActiveCfg = Release|Any CPU
		{E29C1AB2-0144-45FC-A662-1B1CF9DD54A6}.Release|Any CPU.Build.0 = Release|Any CPU
		{CA79B8B6-3ED1-42EC-A37B-F91B003E8833}.Debug|Any CPU.ActiveCfg = Debug|Any CPU
		{CA79B8B6-3ED1-42EC-A37B-F91B003E8833}.Debug|Any CPU.Build.0 = Debug|Any CPU
		{CA79B8B6-3ED1-42EC-A37B-F91B003E8833}.Release|Any CPU.ActiveCfg = Release|Any CPU
		{CA79B8B6-3ED1-42EC-A37B-F91B003E8833}.Release|Any CPU.Build.0 = Release|Any CPU
		{A170A8FF-45A0-4587-8BC8-596913F8AF58}.Debug|Any CPU.ActiveCfg = Debug|Any CPU
		{A170A8FF-45A0-4587-8BC8-596913F8AF58}.Debug|Any CPU.Build.0 = Debug|Any CPU
		{A170A8FF-45A0-4587-8BC8-596913F8AF58}.Release|Any CPU.ActiveCfg = Release|Any CPU
		{A170A8FF-45A0-4587-8BC8-596913F8AF58}.Release|Any CPU.Build.0 = Release|Any CPU
	EndGlobalSection
	GlobalSection(SolutionProperties) = preSolution
		HideSolutionNode = FALSE
	EndGlobalSection
	GlobalSection(ExtensibilityGlobals) = postSolution
		SolutionGuid = {E3C7F162-59DE-49E3-80F5-F99C9279C297}
	EndGlobalSection
EndGlobal
